// !$*UTF8*$!
{
	archiveVersion = 1;
	classes = {
	};
	objectVersion = 50;
	objects = {

/* Begin PBXBuildFile section */
		FE1965F626B0B0C100E04275 /* Texture.cpp in Sources */ = {isa = PBXBuildFile; fileRef = FE1965F426B0B0C100E04275 /* Texture.cpp */; };
		FE58413426B0866700DD4E13 /* main.cpp in Sources */ = {isa = PBXBuildFile; fileRef = FE58413326B0866700DD4E13 /* main.cpp */; };
		FE58413D26B0877E00DD4E13 /* OpenGL.framework in Frameworks */ = {isa = PBXBuildFile; fileRef = FE58413C26B0877E00DD4E13 /* OpenGL.framework */; };
		FE58413F26B0878F00DD4E13 /* GLUT.framework in Frameworks */ = {isa = PBXBuildFile; fileRef = FE58413E26B0878F00DD4E13 /* GLUT.framework */; };
		FE58414226B087C700DD4E13 /* Cocoa.framework in Frameworks */ = {isa = PBXBuildFile; fileRef = FE58414126B087C700DD4E13 /* Cocoa.framework */; };
		FE58414526B08A9E00DD4E13 /* libglfw.3.3.dylib in Frameworks */ = {isa = PBXBuildFile; fileRef = FE58414426B08A9E00DD4E13 /* libglfw.3.3.dylib */; };
		FE58414726B08AC200DD4E13 /* libGLEW.2.2.0.dylib in Frameworks */ = {isa = PBXBuildFile; fileRef = FE58414626B08AC200DD4E13 /* libGLEW.2.2.0.dylib */; };
/* End PBXBuildFile section */

/* Begin PBXCopyFilesBuildPhase section */
		FE58412E26B0866700DD4E13 /* CopyFiles */ = {
			isa = PBXCopyFilesBuildPhase;
			buildActionMask = 2147483647;
			dstPath = /usr/share/man/man1/;
			dstSubfolderSpec = 0;
			files = (
			);
			runOnlyForDeploymentPostprocessing = 1;
		};
/* End PBXCopyFilesBuildPhase section */

/* Begin PBXFileReference section */
		FE1965F326B0AE6B00E04275 /* textura.png */ = {isa = PBXFileReference; lastKnownFileType = image.png; name = textura.png; path = ../../textura.png; sourceTree = "<group>"; };
		FE1965F426B0B0C100E04275 /* Texture.cpp */ = {isa = PBXFileReference; lastKnownFileType = sourcecode.cpp.cpp; path = Texture.cpp; sourceTree = "<group>"; };
		FE1965F526B0B0C100E04275 /* Texture.h */ = {isa = PBXFileReference; lastKnownFileType = sourcecode.c.h; path = Texture.h; sourceTree = "<group>"; };
		FE1965FA26B0B11D00E04275 /* stb_image.h */ = {isa = PBXFileReference; lastKnownFileType = sourcecode.c.h; path = stb_image.h; sourceTree = "<group>"; };
		FE1965FF26B0B18900E04275 /* Common.h */ = {isa = PBXFileReference; lastKnownFileType = sourcecode.c.h; path = Common.h; sourceTree = "<group>"; };
		FE58413026B0866700DD4E13 /* proyecto */ = {isa = PBXFileReference; explicitFileType = "compiled.mach-o.executable"; includeInIndex = 0; path = proyecto; sourceTree = BUILT_PRODUCTS_DIR; };
		FE58413326B0866700DD4E13 /* main.cpp */ = {isa = PBXFileReference; lastKnownFileType = sourcecode.cpp.cpp; path = main.cpp; sourceTree = "<group>"; };
		FE58413C26B0877E00DD4E13 /* OpenGL.framework */ = {isa = PBXFileReference; lastKnownFileType = wrapper.framework; name = OpenGL.framework; path = System/Library/Frameworks/OpenGL.framework; sourceTree = SDKROOT; };
		FE58413E26B0878F00DD4E13 /* GLUT.framework */ = {isa = PBXFileReference; lastKnownFileType = wrapper.framework; name = GLUT.framework; path = System/Library/Frameworks/GLUT.framework; sourceTree = SDKROOT; };
		FE58414126B087C700DD4E13 /* Cocoa.framework */ = {isa = PBXFileReference; lastKnownFileType = wrapper.framework; name = Cocoa.framework; path = System/Library/Frameworks/Cocoa.framework; sourceTree = SDKROOT; };
		FE58414426B08A9E00DD4E13 /* libglfw.3.3.dylib */ = {isa = PBXFileReference; lastKnownFileType = "compiled.mach-o.dylib"; name = libglfw.3.3.dylib; path = ../../../../../usr/local/Cellar/glfw/3.3.4/lib/libglfw.3.3.dylib; sourceTree = "<group>"; };
		FE58414626B08AC200DD4E13 /* libGLEW.2.2.0.dylib */ = {isa = PBXFileReference; lastKnownFileType = "compiled.mach-o.dylib"; name = libGLEW.2.2.0.dylib; path = ../../../../../usr/local/Cellar/glew/2.2.0_1/lib/libGLEW.2.2.0.dylib; sourceTree = "<group>"; };
/* End PBXFileReference section */

/* Begin PBXFrameworksBuildPhase section */
		FE58412D26B0866700DD4E13 /* Frameworks */ = {
			isa = PBXFrameworksBuildPhase;
			buildActionMask = 2147483647;
			files = (
				FE58414726B08AC200DD4E13 /* libGLEW.2.2.0.dylib in Frameworks */,
				FE58414526B08A9E00DD4E13 /* libglfw.3.3.dylib in Frameworks */,
				FE58414226B087C700DD4E13 /* Cocoa.framework in Frameworks */,
				FE58413F26B0878F00DD4E13 /* GLUT.framework in Frameworks */,
				FE58413D26B0877E00DD4E13 /* OpenGL.framework in Frameworks */,
			);
			runOnlyForDeploymentPostprocessing = 0;
		};
/* End PBXFrameworksBuildPhase section */

/* Begin PBXGroup section */
		FE58412726B0866700DD4E13 = {
			isa = PBXGroup;
			children = (
				FE58413226B0866700DD4E13 /* proyecto */,
				FE58413126B0866700DD4E13 /* Products */,
				FE58413B26B0877E00DD4E13 /* Frameworks */,
			);
			sourceTree = "<group>";
		};
		FE58413126B0866700DD4E13 /* Products */ = {
			isa = PBXGroup;
			children = (
				FE58413026B0866700DD4E13 /* proyecto */,
			);
			name = Products;
			sourceTree = "<group>";
		};
		FE58413226B0866700DD4E13 /* proyecto */ = {
			isa = PBXGroup;
			children = (
				FE1965F326B0AE6B00E04275 /* textura.png */,
				FE58413326B0866700DD4E13 /* main.cpp */,
				FE1965F426B0B0C100E04275 /* Texture.cpp */,
				FE1965F526B0B0C100E04275 /* Texture.h */,
				FE1965FA26B0B11D00E04275 /* stb_image.h */,
				FE1965FF26B0B18900E04275 /* Common.h */,
			);
			path = proyecto;
			sourceTree = "<group>";
		};
		FE58413B26B0877E00DD4E13 /* Frameworks */ = {
			isa = PBXGroup;
			children = (
				FE58414626B08AC200DD4E13 /* libGLEW.2.2.0.dylib */,
				FE58414426B08A9E00DD4E13 /* libglfw.3.3.dylib */,
				FE58414126B087C700DD4E13 /* Cocoa.framework */,
				FE58413E26B0878F00DD4E13 /* GLUT.framework */,
				FE58413C26B0877E00DD4E13 /* OpenGL.framework */,
			);
			name = Frameworks;
			sourceTree = "<group>";
		};
/* End PBXGroup section */

/* Begin PBXNativeTarget section */
		FE58412F26B0866700DD4E13 /* proyecto */ = {
			isa = PBXNativeTarget;
			buildConfigurationList = FE58413726B0866700DD4E13 /* Build configuration list for PBXNativeTarget "proyecto" */;
			buildPhases = (
				FE58412C26B0866700DD4E13 /* Sources */,
				FE58412D26B0866700DD4E13 /* Frameworks */,
				FE58412E26B0866700DD4E13 /* CopyFiles */,
			);
			buildRules = (
			);
			dependencies = (
			);
			name = proyecto;
			productName = proyecto;
			productReference = FE58413026B0866700DD4E13 /* proyecto */;
			productType = "com.apple.product-type.tool";
		};
/* End PBXNativeTarget section */

/* Begin PBXProject section */
		FE58412826B0866700DD4E13 /* Project object */ = {
			isa = PBXProject;
			attributes = {
				LastUpgradeCheck = 1240;
				TargetAttributes = {
					FE58412F26B0866700DD4E13 = {
						CreatedOnToolsVersion = 12.4;
					};
				};
			};
			buildConfigurationList = FE58412B26B0866700DD4E13 /* Build configuration list for PBXProject "proyecto" */;
			compatibilityVersion = "Xcode 9.3";
			developmentRegion = en;
			hasScannedForEncodings = 0;
			knownRegions = (
				en,
				Base,
			);
			mainGroup = FE58412726B0866700DD4E13;
			productRefGroup = FE58413126B0866700DD4E13 /* Products */;
			projectDirPath = "";
			projectRoot = "";
			targets = (
				FE58412F26B0866700DD4E13 /* proyecto */,
			);
		};
/* End PBXProject section */

/* Begin PBXSourcesBuildPhase section */
		FE58412C26B0866700DD4E13 /* Sources */ = {
			isa = PBXSourcesBuildPhase;
			buildActionMask = 2147483647;
			files = (
				FE58413426B0866700DD4E13 /* main.cpp in Sources */,
				FE1965F626B0B0C100E04275 /* Texture.cpp in Sources */,
			);
			runOnlyForDeploymentPostprocessing = 0;
		};
/* End PBXSourcesBuildPhase section */

/* Begin XCBuildConfiguration section */
		FE58413526B0866700DD4E13 /* Debug */ = {
			isa = XCBuildConfiguration;
			buildSettings = {
				ALWAYS_SEARCH_USER_PATHS = NO;
				CLANG_ANALYZER_NONNULL = YES;
				CLANG_ANALYZER_NUMBER_OBJECT_CONVERSION = YES_AGGRESSIVE;
				CLANG_CXX_LANGUAGE_STANDARD = "gnu++14";
				CLANG_CXX_LIBRARY = "libc++";
				CLANG_ENABLE_MODULES = YES;
				CLANG_ENABLE_OBJC_ARC = YES;
				CLANG_ENABLE_OBJC_WEAK = YES;
				CLANG_WARN_BLOCK_CAPTURE_AUTORELEASING = YES;
				CLANG_WARN_BOOL_CONVERSION = YES;
				CLANG_WARN_COMMA = YES;
				CLANG_WARN_CONSTANT_CONVERSION = YES;
				CLANG_WARN_DEPRECATED_OBJC_IMPLEMENTATIONS = YES;
				CLANG_WARN_DIRECT_OBJC_ISA_USAGE = YES_ERROR;
				CLANG_WARN_DOCUMENTATION_COMMENTS = YES;
				CLANG_WARN_EMPTY_BODY = YES;
				CLANG_WARN_ENUM_CONVERSION = YES;
				CLANG_WARN_INFINITE_RECURSION = YES;
				CLANG_WARN_INT_CONVERSION = YES;
				CLANG_WARN_NON_LITERAL_NULL_CONVERSION = YES;
				CLANG_WARN_OBJC_IMPLICIT_RETAIN_SELF = YES;
				CLANG_WARN_OBJC_LITERAL_CONVERSION = YES;
				CLANG_WARN_OBJC_ROOT_CLASS = YES_ERROR;
				CLANG_WARN_QUOTED_INCLUDE_IN_FRAMEWORK_HEADER = YES;
				CLANG_WARN_RANGE_LOOP_ANALYSIS = YES;
				CLANG_WARN_STRICT_PROTOTYPES = YES;
				CLANG_WARN_SUSPICIOUS_MOVE = YES;
				CLANG_WARN_UNGUARDED_AVAILABILITY = YES_AGGRESSIVE;
				CLANG_WARN_UNREACHABLE_CODE = YES;
				CLANG_WARN__DUPLICATE_METHOD_MATCH = YES;
				COPY_PHASE_STRIP = NO;
				DEBUG_INFORMATION_FORMAT = dwarf;
				ENABLE_STRICT_OBJC_MSGSEND = YES;
				ENABLE_TESTABILITY = YES;
				GCC_C_LANGUAGE_STANDARD = gnu11;
				GCC_DYNAMIC_NO_PIC = NO;
				GCC_NO_COMMON_BLOCKS = YES;
				GCC_OPTIMIZATION_LEVEL = 0;
				GCC_PREPROCESSOR_DEFINITIONS = (
					"DEBUG=1",
					"$(inherited)",
				);
				GCC_WARN_64_TO_32_BIT_CONVERSION = YES;
				GCC_WARN_ABOUT_RETURN_TYPE = YES_ERROR;
				GCC_WARN_UNDECLARED_SELECTOR = YES;
				GCC_WARN_UNINITIALIZED_AUTOS = YES_AGGRESSIVE;
				GCC_WARN_UNUSED_FUNCTION = YES;
				GCC_WARN_UNUSED_VARIABLE = YES;
				MACOSX_DEPLOYMENT_TARGET = 11.1;
				MTL_ENABLE_DEBUG_INFO = INCLUDE_SOURCE;
				MTL_FAST_MATH = YES;
				ONLY_ACTIVE_ARCH = YES;
				SDKROOT = macosx;
			};
			name = Debug;
		};
		FE58413626B0866700DD4E13 /* Release */ = {
			isa = XCBuildConfiguration;
			buildSettings = {
				ALWAYS_SEARCH_USER_PATHS = NO;
				CLANG_ANALYZER_NONNULL = YES;
				CLANG_ANALYZER_NUMBER_OBJECT_CONVERSION = YES_AGGRESSIVE;
				CLANG_CXX_LANGUAGE_STANDARD = "gnu++14";
				CLANG_CXX_LIBRARY = "libc++";
				CLANG_ENABLE_MODULES = YES;
				CLANG_ENABLE_OBJC_ARC = YES;
				CLANG_ENABLE_OBJC_WEAK = YES;
				CLANG_WARN_BLOCK_CAPTURE_AUTORELEASING = YES;
				CLANG_WARN_BOOL_CONVERSION = YES;
				CLANG_WARN_COMMA = YES;
				CLANG_WARN_CONSTANT_CONVERSION = YES;
				CLANG_WARN_DEPRECATED_OBJC_IMPLEMENTATIONS = YES;
				CLANG_WARN_DIRECT_OBJC_ISA_USAGE = YES_ERROR;
				CLANG_WARN_DOCUMENTATION_COMMENTS = YES;
				CLANG_WARN_EMPTY_BODY = YES;
				CLANG_WARN_ENUM_CONVERSION = YES;
				CLANG_WARN_INFINITE_RECURSION = YES;
				CLANG_WARN_INT_CONVERSION = YES;
				CLANG_WARN_NON_LITERAL_NULL_CONVERSION = YES;
				CLANG_WARN_OBJC_IMPLICIT_RETAIN_SELF = YES;
				CLANG_WARN_OBJC_LITERAL_CONVERSION = YES;
				CLANG_WARN_OBJC_ROOT_CLASS = YES_ERROR;
				CLANG_WARN_QUOTED_INCLUDE_IN_FRAMEWORK_HEADER = YES;
				CLANG_WARN_RANGE_LOOP_ANALYSIS = YES;
				CLANG_WARN_STRICT_PROTOTYPES = YES;
				CLANG_WARN_SUSPICIOUS_MOVE = YES;
				CLANG_WARN_UNGUARDED_AVAILABILITY = YES_AGGRESSIVE;
				CLANG_WARN_UNREACHABLE_CODE = YES;
				CLANG_WARN__DUPLICATE_METHOD_MATCH = YES;
				COPY_PHASE_STRIP = NO;
				DEBUG_INFORMATION_FORMAT = "dwarf-with-dsym";
				ENABLE_NS_ASSERTIONS = NO;
				ENABLE_STRICT_OBJC_MSGSEND = YES;
				GCC_C_LANGUAGE_STANDARD = gnu11;
				GCC_NO_COMMON_BLOCKS = YES;
				GCC_WARN_64_TO_32_BIT_CONVERSION = YES;
				GCC_WARN_ABOUT_RETURN_TYPE = YES_ERROR;
				GCC_WARN_UNDECLARED_SELECTOR = YES;
				GCC_WARN_UNINITIALIZED_AUTOS = YES_AGGRESSIVE;
				GCC_WARN_UNUSED_FUNCTION = YES;
				GCC_WARN_UNUSED_VARIABLE = YES;
				MACOSX_DEPLOYMENT_TARGET = 11.1;
				MTL_ENABLE_DEBUG_INFO = NO;
				MTL_FAST_MATH = YES;
				SDKROOT = macosx;
			};
			name = Release;
		};
		FE58413826B0866700DD4E13 /* Debug */ = {
			isa = XCBuildConfiguration;
			buildSettings = {
				CODE_SIGN_STYLE = Automatic;
				HEADER_SEARCH_PATHS = /usr/local/include;
				LIBRARY_SEARCH_PATHS = (
					"$(inherited)",
					/usr/local/Cellar/glfw/3.3.4/lib,
					/usr/local/Cellar/glew/2.2.0_1/lib,
				);
				PRODUCT_NAME = "$(TARGET_NAME)";
			};
			name = Debug;
		};
		FE58413926B0866700DD4E13 /* Release */ = {
			isa = XCBuildConfiguration;
			buildSettings = {
				CODE_SIGN_STYLE = Automatic;
				HEADER_SEARCH_PATHS = /usr/local/include;
				LIBRARY_SEARCH_PATHS = (
					"$(inherited)",
					/usr/local/Cellar/glfw/3.3.4/lib,
					/usr/local/Cellar/glew/2.2.0_1/lib,
				);
				PRODUCT_NAME = "$(TARGET_NAME)";
			};
			name = Release;
		};
/* End XCBuildConfiguration section */

/* Begin XCConfigurationList section */
		FE58412B26B0866700DD4E13 /* Build configuration list for PBXProject "proyecto" */ = {
			isa = XCConfigurationList;
			buildConfigurations = (
				FE58413526B0866700DD4E13 /* Debug */,
				FE58413626B0866700DD4E13 /* Release */,
			);
			defaultConfigurationIsVisible = 0;
			defaultConfigurationName = Release;
		};
		FE58413726B0866700DD4E13 /* Build configuration list for PBXNativeTarget "proyecto" */ = {
			isa = XCConfigurationList;
			buildConfigurations = (
				FE58413826B0866700DD4E13 /* Debug */,
				FE58413926B0866700DD4E13 /* Release */,
			);
			defaultConfigurationIsVisible = 0;
			defaultConfigurationName = Release;
		};
/* End XCConfigurationList section */
	};
	rootObject = FE58412826B0866700DD4E13 /* Project object */;
}
